
Microsoft Visual Studio Solution File, Format Version 12.00
# Visual Studio 2012
Project("{FAE04EC0-301F-11D3-BF4B-00C04F79EFBC}") = "test_simple_ffmpeg", "test_simple_ffmpeg\test_simple_ffmpeg.csproj", "{AFB4F36E-E36D-47FC-A2A4-AC6F4B660474}"
EndProject
Project("{2857B73E-F847-4B02-9238-064979017E93}") = "simple_ffmpeg", "..\simple_ffmpeg\simple_ffmpeg\simple_ffmpeg.cproj", "{C8B94162-141C-4442-B2F5-A31EBB06851C}"
EndProject
Global
	GlobalSection(SolutionConfigurationPlatforms) = preSolution
		Debug|x86 = Debug|x86
		Release|x86 = Release|x86
	EndGlobalSection
	GlobalSection(ProjectConfigurationPlatforms) = postSolution
		{AFB4F36E-E36D-47FC-A2A4-AC6F4B660474}.Debug|x86.ActiveCfg = Debug|x86
		{AFB4F36E-E36D-47FC-A2A4-AC6F4B660474}.Debug|x86.Build.0 = Debug|x86
		{AFB4F36E-E36D-47FC-A2A4-AC6F4B660474}.Release|x86.ActiveCfg = Release|x86
		{AFB4F36E-E36D-47FC-A2A4-AC6F4B660474}.Release|x86.Build.0 = Release|x86
		{C8B94162-141C-4442-B2F5-A31EBB06851C}.Debug|x86.ActiveCfg = Debug|Any CPU
		{C8B94162-141C-4442-B2F5-A31EBB06851C}.Debug|x86.Build.0 = Debug|Any CPU
		{C8B94162-141C-4442-B2F5-A31EBB06851C}.Release|x86.ActiveCfg = Release|Any CPU
		{C8B94162-141C-4442-B2F5-A31EBB06851C}.Release|x86.Build.0 = Release|Any CPU
	EndGlobalSection
	GlobalSection(MonoDevelopProperties) = preSolution
		StartupItem = test_simple_ffmpeg\test_simple_ffmpeg.csproj
	EndGlobalSection
EndGlobal
